
Microsoft Visual Studio Solution File, Format Version 12.00
# Visual Studio Version 16
VisualStudioVersion = 16.0.31515.178
MinimumVisualStudioVersion = 10.0.40219.1
Project("{FAE04EC0-301F-11D3-BF4B-00C04F79EFBC}") = "QuoridorConsole", "QuoridorConsole\QuoridorConsole.csproj", "{CD61F4B9-FF24-4567-9A2F-8B606D68DCAD}"
EndProject
Global
	GlobalSection(SolutionConfigurationPlatforms) = preSolution
		Debug|Any CPU = Debug|Any CPU
		Release|Any CPU = Release|Any CPU
	EndGlobalSection
	GlobalSection(ProjectConfigurationPlatforms) = postSolution
		{CD61F4B9-FF24-4567-9A2F-8B606D68DCAD}.Debug|Any CPU.ActiveCfg = Debug|Any CPU
		{CD61F4B9-FF24-4567-9A2F-8B606D68DCAD}.Debug|Any CPU.Build.0 = Debug|Any CPU
		{CD61F4B9-FF24-4567-9A2F-8B606D68DCAD}.Release|Any CPU.ActiveCfg = Release|Any CPU
		{CD61F4B9-FF24-4567-9A2F-8B606D68DCAD}.Release|Any CPU.Build.0 = Release|Any CPU
	EndGlobalSection
	GlobalSection(SolutionProperties) = preSolution
		HideSolutionNode = FALSE
	EndGlobalSection
	GlobalSection(ExtensibilityGlobals) = postSolution
		SolutionGuid = {C588ACE3-8B56-4D11-BFE8-07C152AF74FB}
	EndGlobalSection
EndGlobal
